
Microsoft Visual Studio Solution File, Format Version 12.00
# Visual Studio Version 17
VisualStudioVersion = 17.1.32319.34
MinimumVisualStudioVersion = 10.0.40219.1
Project("{FAE04EC0-301F-11D3-BF4B-00C04F79EFBC}") = "NHibernateExample.Mapping", "NHibernateExample.Mapping\NHibernateExample.Mapping.csproj", "{71A97FB0-5304-473B-A925-9244F1F8FF16}"
EndProject
Project("{FAE04EC0-301F-11D3-BF4B-00C04F79EFBC}") = "NHibernateExample.Repository", "NHibernateExample.Repository\NHibernateExample.Repository.csproj", "{C7C34E8A-070F-4A5E-8D06-CA9DF262E320}"
EndProject
Project("{FAE04EC0-301F-11D3-BF4B-00C04F79EFBC}") = "NHibernateExample.IServices", "NHibernateExample.IServices\NHibernateExample.IServices.csproj", "{1D066C4C-45A6-4C10-AB12-2F2B83A25FFC}"
EndProject
Project("{FAE04EC0-301F-11D3-BF4B-00C04F79EFBC}") = "NHibernateExample.Services", "NHibernateExample.Services\NHibernateExample.Services.csproj", "{3214AFC6-DAD1-48B0-9AD7-1C6C07E20079}"
EndProject
Project("{FAE04EC0-301F-11D3-BF4B-00C04F79EFBC}") = "NHibernateExample.UI.WebForm", "NHibernateExample.UI.WebForm\NHibernateExample.UI.WebForm.csproj", "{8B0D4DFD-0F56-4285-8422-D0368AADD33E}"
EndProject
Project("{FAE04EC0-301F-11D3-BF4B-00C04F79EFBC}") = "NHibernateExample.Models", "NHibernateExample.Models\NHibernateExample.Models.csproj", "{A24D08B4-2E5E-459A-AB65-6B94A7EE7ABA}"
EndProject
Project("{FAE04EC0-301F-11D3-BF4B-00C04F79EFBC}") = "NHibernateExampleDB", "NHibernateExampleDB\NHibernateExampleDB.csproj", "{7D0C9E1F-B86F-4E1B-AB02-9906A11CF565}"
EndProject
Global
	GlobalSection(SolutionConfigurationPlatforms) = preSolution
		Debug|Any CPU = Debug|Any CPU
		Release|Any CPU = Release|Any CPU
	EndGlobalSection
	GlobalSection(ProjectConfigurationPlatforms) = postSolution
		{71A97FB0-5304-473B-A925-9244F1F8FF16}.Debug|Any CPU.ActiveCfg = Debug|Any CPU
		{71A97FB0-5304-473B-A925-9244F1F8FF16}.Debug|Any CPU.Build.0 = Debug|Any CPU
		{71A97FB0-5304-473B-A925-9244F1F8FF16}.Release|Any CPU.ActiveCfg = Release|Any CPU
		{71A97FB0-5304-473B-A925-9244F1F8FF16}.Release|Any CPU.Build.0 = Release|Any CPU
		{C7C34E8A-070F-4A5E-8D06-CA9DF262E320}.Debug|Any CPU.ActiveCfg = Debug|Any CPU
		{C7C34E8A-070F-4A5E-8D06-CA9DF262E320}.Debug|Any CPU.Build.0 = Debug|Any CPU
		{C7C34E8A-070F-4A5E-8D06-CA9DF262E320}.Release|Any CPU.ActiveCfg = Release|Any CPU
		{C7C34E8A-070F-4A5E-8D06-CA9DF262E320}.Release|Any CPU.Build.0 = Release|Any CPU
		{1D066C4C-45A6-4C10-AB12-2F2B83A25FFC}.Debug|Any CPU.ActiveCfg = Debug|Any CPU
		{1D066C4C-45A6-4C10-AB12-2F2B83A25FFC}.Debug|Any CPU.Build.0 = Debug|Any CPU
		{1D066C4C-45A6-4C10-AB12-2F2B83A25FFC}.Release|Any CPU.ActiveCfg = Release|Any CPU
		{1D066C4C-45A6-4C10-AB12-2F2B83A25FFC}.Release|Any CPU.Build.0 = Release|Any CPU
		{3214AFC6-DAD1-48B0-9AD7-1C6C07E20079}.Debug|Any CPU.ActiveCfg = Debug|Any CPU
		{3214AFC6-DAD1-48B0-9AD7-1C6C07E20079}.Debug|Any CPU.Build.0 = Debug|Any CPU
		{3214AFC6-DAD1-48B0-9AD7-1C6C07E20079}.Release|Any CPU.ActiveCfg = Release|Any CPU
		{3214AFC6-DAD1-48B0-9AD7-1C6C07E20079}.Release|Any CPU.Build.0 = Release|Any CPU
		{8B0D4DFD-0F56-4285-8422-D0368AADD33E}.Debug|Any CPU.ActiveCfg = Debug|Any CPU
		{8B0D4DFD-0F56-4285-8422-D0368AADD33E}.Debug|Any CPU.Build.0 = Debug|Any CPU
		{8B0D4DFD-0F56-4285-8422-D0368AADD33E}.Release|Any CPU.ActiveCfg = Release|Any CPU
		{8B0D4DFD-0F56-4285-8422-D0368AADD33E}.Release|Any CPU.Build.0 = Release|Any CPU
		{A24D08B4-2E5E-459A-AB65-6B94A7EE7ABA}.Debug|Any CPU.ActiveCfg = Debug|Any CPU
		{A24D08B4-2E5E-459A-AB65-6B94A7EE7ABA}.Debug|Any CPU.Build.0 = Debug|Any CPU
		{A24D08B4-2E5E-459A-AB65-6B94A7EE7ABA}.Release|Any CPU.ActiveCfg = Release|Any CPU
		{A24D08B4-2E5E-459A-AB65-6B94A7EE7ABA}.Release|Any CPU.Build.0 = Release|Any CPU
		{7D0C9E1F-B86F-4E1B-AB02-9906A11CF565}.Debug|Any CPU.ActiveCfg = Debug|Any CPU
		{7D0C9E1F-B86F-4E1B-AB02-9906A11CF565}.Debug|Any CPU.Build.0 = Debug|Any CPU
		{7D0C9E1F-B86F-4E1B-AB02-9906A11CF565}.Release|Any CPU.ActiveCfg = Release|Any CPU
		{7D0C9E1F-B86F-4E1B-AB02-9906A11CF565}.Release|Any CPU.Build.0 = Release|Any CPU
	EndGlobalSection
	GlobalSection(SolutionProperties) = preSolution
		HideSolutionNode = FALSE
	EndGlobalSection
	GlobalSection(ExtensibilityGlobals) = postSolution
		SolutionGuid = {B2BC4F12-2FCE-413C-A054-3B3E6C232B8C}
	EndGlobalSection
EndGlobal
